// !$*UTF8*$!
{
	archiveVersion = 1;
	classes = {
	};
	objectVersion = 51;
	objects = {

/* Begin PBXBuildFile section */
		666EAD3060B006AFC062DFD9 /* Pods_Line_UpTests.framework in Frameworks */ = {isa = PBXBuildFile; fileRef = BB7A67BE016F05952068351B /* Pods_Line_UpTests.framework */; };
		67CD3B4833A4B3282283D17A /* Pods_Line_Up_Line_UpUITests.framework in Frameworks */ = {isa = PBXBuildFile; fileRef = C4C6D6E417EC6C2394606FDB /* Pods_Line_Up_Line_UpUITests.framework */; };
		B512E1E443CBB97D3791DCBF /* Pods_Line_Up.framework in Frameworks */ = {isa = PBXBuildFile; fileRef = 8491818449722CB4F2A6D2E3 /* Pods_Line_Up.framework */; };
		BD17CD6F23FC9FF900FF017D /* AppDelegate.swift in Sources */ = {isa = PBXBuildFile; fileRef = BD17CD6E23FC9FF900FF017D /* AppDelegate.swift */; };
		BD17CD7123FC9FF900FF017D /* SceneDelegate.swift in Sources */ = {isa = PBXBuildFile; fileRef = BD17CD7023FC9FF900FF017D /* SceneDelegate.swift */; };
		BD17CD7323FC9FF900FF017D /* ContentView.swift in Sources */ = {isa = PBXBuildFile; fileRef = BD17CD7223FC9FF900FF017D /* ContentView.swift */; };
		BD17CD7523FC9FFF00FF017D /* Assets.xcassets in Resources */ = {isa = PBXBuildFile; fileRef = BD17CD7423FC9FFF00FF017D /* Assets.xcassets */; };
		BD17CD7823FC9FFF00FF017D /* Preview Assets.xcassets in Resources */ = {isa = PBXBuildFile; fileRef = BD17CD7723FC9FFF00FF017D /* Preview Assets.xcassets */; };
		BD17CD7B23FC9FFF00FF017D /* LaunchScreen.storyboard in Resources */ = {isa = PBXBuildFile; fileRef = BD17CD7923FC9FFF00FF017D /* LaunchScreen.storyboard */; };
		BD17CD8623FC9FFF00FF017D /* Line_UpTests.swift in Sources */ = {isa = PBXBuildFile; fileRef = BD17CD8523FC9FFF00FF017D /* Line_UpTests.swift */; };
		BD17CD9123FC9FFF00FF017D /* Line_UpUITests.swift in Sources */ = {isa = PBXBuildFile; fileRef = BD17CD9023FC9FFF00FF017D /* Line_UpUITests.swift */; };
		BD17CDA723FCB05A00FF017D /* User.swift in Sources */ = {isa = PBXBuildFile; fileRef = BD17CDA623FCB05A00FF017D /* User.swift */; };
		BD17CDA823FCB05A00FF017D /* User.swift in Sources */ = {isa = PBXBuildFile; fileRef = BD17CDA623FCB05A00FF017D /* User.swift */; };
		BD17CDA923FCB05A00FF017D /* User.swift in Sources */ = {isa = PBXBuildFile; fileRef = BD17CDA623FCB05A00FF017D /* User.swift */; };
		BD17CDAB23FCC94200FF017D /* Tasks.swift in Sources */ = {isa = PBXBuildFile; fileRef = BD17CDAA23FCC94200FF017D /* Tasks.swift */; };
		BD17CDAC23FCC94200FF017D /* Tasks.swift in Sources */ = {isa = PBXBuildFile; fileRef = BD17CDAA23FCC94200FF017D /* Tasks.swift */; };
		BD17CDAD23FCC94200FF017D /* Tasks.swift in Sources */ = {isa = PBXBuildFile; fileRef = BD17CDAA23FCC94200FF017D /* Tasks.swift */; };
		BD2060872403652400EC0B10 /* GoogleService-Info.plist in Resources */ = {isa = PBXBuildFile; fileRef = BD2060862403652400EC0B10 /* GoogleService-Info.plist */; };
		BD2060882403652400EC0B10 /* GoogleService-Info.plist in Resources */ = {isa = PBXBuildFile; fileRef = BD2060862403652400EC0B10 /* GoogleService-Info.plist */; };
		BD2060892403652400EC0B10 /* GoogleService-Info.plist in Resources */ = {isa = PBXBuildFile; fileRef = BD2060862403652400EC0B10 /* GoogleService-Info.plist */; };
		BD310FBF2440FBA6006D8B25 /* NewTask.swift in Sources */ = {isa = PBXBuildFile; fileRef = BD310FBE2440FBA6006D8B25 /* NewTask.swift */; };
		BD5F5998244124FC00DD3774 /* FirebaseCollection.swift in Sources */ = {isa = PBXBuildFile; fileRef = BD5F5997244124FC00DD3774 /* FirebaseCollection.swift */; };
		BD5F599A24414A3000DD3774 /* ViewTasks.swift in Sources */ = {isa = PBXBuildFile; fileRef = BD5F599924414A3000DD3774 /* ViewTasks.swift */; };
		BD5F599C2443B1BA00DD3774 /* ModifyTask.swift in Sources */ = {isa = PBXBuildFile; fileRef = BD5F599B2443B1BA00DD3774 /* ModifyTask.swift */; };
		BD9DF8DB243A101100CA175B /* FirebaseSession.swift in Sources */ = {isa = PBXBuildFile; fileRef = BD9DF8DA243A101100CA175B /* FirebaseSession.swift */; };
		BD9DF8DD243A42C800CA175B /* Controller.swift in Sources */ = {isa = PBXBuildFile; fileRef = BD9DF8DC243A42C800CA175B /* Controller.swift */; };
		BDA4A51C24525CA600EA46C2 /* DetailedTask.swift in Sources */ = {isa = PBXBuildFile; fileRef = BDA4A51B24525CA600EA46C2 /* DetailedTask.swift */; };
		BDA4A52024534AF600EA46C2 /* SessionClass.swift in Sources */ = {isa = PBXBuildFile; fileRef = BDA4A51F24534AF600EA46C2 /* SessionClass.swift */; };
		BDA4A522245357E000EA46C2 /* LocalNotificationManager.swift in Sources */ = {isa = PBXBuildFile; fileRef = BDA4A521245357E000EA46C2 /* LocalNotificationManager.swift */; };
		BDA4A5242453705200EA46C2 /* NotificationButton.swift in Sources */ = {isa = PBXBuildFile; fileRef = BDA4A5232453705200EA46C2 /* NotificationButton.swift */; };
		BDC0D3CB245F645F00DF2ADC /* CompletedTasks.swift in Sources */ = {isa = PBXBuildFile; fileRef = BDC0D3CA245F645F00DF2ADC /* CompletedTasks.swift */; };
		BDC0D3CD245F7A9300DF2ADC /* Message.swift in Sources */ = {isa = PBXBuildFile; fileRef = BDC0D3CC245F7A9300DF2ADC /* Message.swift */; };
		BDC0D3D1245FB9C700DF2ADC /* GoogleLoginView.swift in Sources */ = {isa = PBXBuildFile; fileRef = BDC0D3D0245FB9C700DF2ADC /* GoogleLoginView.swift */; };
		BDC0D3D32460BD7F00DF2ADC /* Email.swift in Sources */ = {isa = PBXBuildFile; fileRef = BDC0D3D22460BD7F00DF2ADC /* Email.swift */; };
		BDC0D41C2462057B00DF2ADC /* Demo.swift in Sources */ = {isa = PBXBuildFile; fileRef = BDC0D41B2462057B00DF2ADC /* Demo.swift */; };
		BDCBB588243A840B001CB0CE /* Homepage.swift in Sources */ = {isa = PBXBuildFile; fileRef = BDCBB587243A840B001CB0CE /* Homepage.swift */; };
		BDF63642242DAFC000F3AAA2 /* Login.swift in Sources */ = {isa = PBXBuildFile; fileRef = BDF63641242DAFC000F3AAA2 /* Login.swift */; };
		BDF63644242DB00900F3AAA2 /* MotherView.swift in Sources */ = {isa = PBXBuildFile; fileRef = BDF63643242DB00900F3AAA2 /* MotherView.swift */; };
		BDF63646242DB02D00F3AAA2 /* ViewRouter.swift in Sources */ = {isa = PBXBuildFile; fileRef = BDF63645242DB02D00F3AAA2 /* ViewRouter.swift */; };
		BDF63648242DB04D00F3AAA2 /* Signup.swift in Sources */ = {isa = PBXBuildFile; fileRef = BDF63647242DB04D00F3AAA2 /* Signup.swift */; };
		BDF7EE9F243FFAED006DB537 /* HamburgerOption.swift in Sources */ = {isa = PBXBuildFile; fileRef = BDF7EE9E243FFAED006DB537 /* HamburgerOption.swift */; };
		BDF7EEA1243FFBC8006DB537 /* MenuView.swift in Sources */ = {isa = PBXBuildFile; fileRef = BDF7EEA0243FFBC8006DB537 /* MenuView.swift */; };
/* End PBXBuildFile section */

/* Begin PBXContainerItemProxy section */
		BD17CD8223FC9FFF00FF017D /* PBXContainerItemProxy */ = {
			isa = PBXContainerItemProxy;
			containerPortal = BD17CD6323FC9FF900FF017D /* Project object */;
			proxyType = 1;
			remoteGlobalIDString = BD17CD6A23FC9FF900FF017D;
			remoteInfo = "Line Up";
		};
		BD17CD8D23FC9FFF00FF017D /* PBXContainerItemProxy */ = {
			isa = PBXContainerItemProxy;
			containerPortal = BD17CD6323FC9FF900FF017D /* Project object */;
			proxyType = 1;
			remoteGlobalIDString = BD17CD6A23FC9FF900FF017D;
			remoteInfo = "Line Up";
		};
/* End PBXContainerItemProxy section */

/* Begin PBXFileReference section */
		20C791A5274B7F121273F825 /* Pods-Line Up.debug.xcconfig */ = {isa = PBXFileReference; includeInIndex = 1; lastKnownFileType = text.xcconfig; name = "Pods-Line Up.debug.xcconfig"; path = "Target Support Files/Pods-Line Up/Pods-Line Up.debug.xcconfig"; sourceTree = "<group>"; };
		3FFD1ED15A6D5FDE5A36FE5A /* Pods-Line UpTests.release.xcconfig */ = {isa = PBXFileReference; includeInIndex = 1; lastKnownFileType = text.xcconfig; name = "Pods-Line UpTests.release.xcconfig"; path = "Target Support Files/Pods-Line UpTests/Pods-Line UpTests.release.xcconfig"; sourceTree = "<group>"; };
		7947392BD2AC92A05C32A2BD /* Pods-Line Up.release.xcconfig */ = {isa = PBXFileReference; includeInIndex = 1; lastKnownFileType = text.xcconfig; name = "Pods-Line Up.release.xcconfig"; path = "Target Support Files/Pods-Line Up/Pods-Line Up.release.xcconfig"; sourceTree = "<group>"; };
		805E4DFD600DFE0CFA98BDDD /* Pods-Line UpTests.debug.xcconfig */ = {isa = PBXFileReference; includeInIndex = 1; lastKnownFileType = text.xcconfig; name = "Pods-Line UpTests.debug.xcconfig"; path = "Target Support Files/Pods-Line UpTests/Pods-Line UpTests.debug.xcconfig"; sourceTree = "<group>"; };
		8491818449722CB4F2A6D2E3 /* Pods_Line_Up.framework */ = {isa = PBXFileReference; explicitFileType = wrapper.framework; includeInIndex = 0; path = Pods_Line_Up.framework; sourceTree = BUILT_PRODUCTS_DIR; };
		BB7A67BE016F05952068351B /* Pods_Line_UpTests.framework */ = {isa = PBXFileReference; explicitFileType = wrapper.framework; includeInIndex = 0; path = Pods_Line_UpTests.framework; sourceTree = BUILT_PRODUCTS_DIR; };
		BD17CD6B23FC9FF900FF017D /* Line Up.app */ = {isa = PBXFileReference; explicitFileType = wrapper.application; includeInIndex = 0; path = "Line Up.app"; sourceTree = BUILT_PRODUCTS_DIR; };
		BD17CD6E23FC9FF900FF017D /* AppDelegate.swift */ = {isa = PBXFileReference; lastKnownFileType = sourcecode.swift; path = AppDelegate.swift; sourceTree = "<group>"; };
		BD17CD7023FC9FF900FF017D /* SceneDelegate.swift */ = {isa = PBXFileReference; lastKnownFileType = sourcecode.swift; path = SceneDelegate.swift; sourceTree = "<group>"; };
		BD17CD7223FC9FF900FF017D /* ContentView.swift */ = {isa = PBXFileReference; lastKnownFileType = sourcecode.swift; path = ContentView.swift; sourceTree = "<group>"; };
		BD17CD7423FC9FFF00FF017D /* Assets.xcassets */ = {isa = PBXFileReference; lastKnownFileType = folder.assetcatalog; path = Assets.xcassets; sourceTree = "<group>"; };
		BD17CD7723FC9FFF00FF017D /* Preview Assets.xcassets */ = {isa = PBXFileReference; lastKnownFileType = folder.assetcatalog; path = "Preview Assets.xcassets"; sourceTree = "<group>"; };
		BD17CD7A23FC9FFF00FF017D /* Base */ = {isa = PBXFileReference; lastKnownFileType = file.storyboard; name = Base; path = Base.lproj/LaunchScreen.storyboard; sourceTree = "<group>"; };
		BD17CD7C23FC9FFF00FF017D /* Info.plist */ = {isa = PBXFileReference; lastKnownFileType = text.plist.xml; path = Info.plist; sourceTree = "<group>"; };
		BD17CD8123FC9FFF00FF017D /* Line UpTests.xctest */ = {isa = PBXFileReference; explicitFileType = wrapper.cfbundle; includeInIndex = 0; path = "Line UpTests.xctest"; sourceTree = BUILT_PRODUCTS_DIR; };
		BD17CD8523FC9FFF00FF017D /* Line_UpTests.swift */ = {isa = PBXFileReference; lastKnownFileType = sourcecode.swift; path = Line_UpTests.swift; sourceTree = "<group>"; };
		BD17CD8723FC9FFF00FF017D /* Info.plist */ = {isa = PBXFileReference; lastKnownFileType = text.plist.xml; path = Info.plist; sourceTree = "<group>"; };
		BD17CD8C23FC9FFF00FF017D /* Line UpUITests.xctest */ = {isa = PBXFileReference; explicitFileType = wrapper.cfbundle; includeInIndex = 0; path = "Line UpUITests.xctest"; sourceTree = BUILT_PRODUCTS_DIR; };
		BD17CD9023FC9FFF00FF017D /* Line_UpUITests.swift */ = {isa = PBXFileReference; lastKnownFileType = sourcecode.swift; path = Line_UpUITests.swift; sourceTree = "<group>"; };
		BD17CD9223FC9FFF00FF017D /* Info.plist */ = {isa = PBXFileReference; lastKnownFileType = text.plist.xml; path = Info.plist; sourceTree = "<group>"; };
		BD17CDA623FCB05A00FF017D /* User.swift */ = {isa = PBXFileReference; lastKnownFileType = sourcecode.swift; path = User.swift; sourceTree = "<group>"; };
		BD17CDAA23FCC94200FF017D /* Tasks.swift */ = {isa = PBXFileReference; lastKnownFileType = sourcecode.swift; path = Tasks.swift; sourceTree = "<group>"; };
		BD2060862403652400EC0B10 /* GoogleService-Info.plist */ = {isa = PBXFileReference; fileEncoding = 4; lastKnownFileType = text.plist.xml; path = "GoogleService-Info.plist"; sourceTree = "<group>"; };
		BD310FBE2440FBA6006D8B25 /* NewTask.swift */ = {isa = PBXFileReference; lastKnownFileType = sourcecode.swift; path = NewTask.swift; sourceTree = "<group>"; };
		BD5F5997244124FC00DD3774 /* FirebaseCollection.swift */ = {isa = PBXFileReference; lastKnownFileType = sourcecode.swift; path = FirebaseCollection.swift; sourceTree = "<group>"; };
		BD5F599924414A3000DD3774 /* ViewTasks.swift */ = {isa = PBXFileReference; lastKnownFileType = sourcecode.swift; path = ViewTasks.swift; sourceTree = "<group>"; };
		BD5F599B2443B1BA00DD3774 /* ModifyTask.swift */ = {isa = PBXFileReference; lastKnownFileType = sourcecode.swift; path = ModifyTask.swift; sourceTree = "<group>"; };
		BD9DF8DA243A101100CA175B /* FirebaseSession.swift */ = {isa = PBXFileReference; lastKnownFileType = sourcecode.swift; path = FirebaseSession.swift; sourceTree = "<group>"; };
		BD9DF8DC243A42C800CA175B /* Controller.swift */ = {isa = PBXFileReference; lastKnownFileType = sourcecode.swift; path = Controller.swift; sourceTree = "<group>"; };
		BDA4A51B24525CA600EA46C2 /* DetailedTask.swift */ = {isa = PBXFileReference; lastKnownFileType = sourcecode.swift; path = DetailedTask.swift; sourceTree = "<group>"; };
		BDA4A51F24534AF600EA46C2 /* SessionClass.swift */ = {isa = PBXFileReference; lastKnownFileType = sourcecode.swift; path = SessionClass.swift; sourceTree = "<group>"; };
		BDA4A521245357E000EA46C2 /* LocalNotificationManager.swift */ = {isa = PBXFileReference; lastKnownFileType = sourcecode.swift; path = LocalNotificationManager.swift; sourceTree = "<group>"; };
		BDA4A5232453705200EA46C2 /* NotificationButton.swift */ = {isa = PBXFileReference; lastKnownFileType = sourcecode.swift; path = NotificationButton.swift; sourceTree = "<group>"; };
		BDC0D3CA245F645F00DF2ADC /* CompletedTasks.swift */ = {isa = PBXFileReference; lastKnownFileType = sourcecode.swift; path = CompletedTasks.swift; sourceTree = "<group>"; };
		BDC0D3CC245F7A9300DF2ADC /* Message.swift */ = {isa = PBXFileReference; lastKnownFileType = sourcecode.swift; path = Message.swift; sourceTree = "<group>"; };
		BDC0D3D0245FB9C700DF2ADC /* GoogleLoginView.swift */ = {isa = PBXFileReference; lastKnownFileType = sourcecode.swift; path = GoogleLoginView.swift; sourceTree = "<group>"; };
		BDC0D3D22460BD7F00DF2ADC /* Email.swift */ = {isa = PBXFileReference; lastKnownFileType = sourcecode.swift; path = Email.swift; sourceTree = "<group>"; };
		BDC0D41B2462057B00DF2ADC /* Demo.swift */ = {isa = PBXFileReference; lastKnownFileType = sourcecode.swift; path = Demo.swift; sourceTree = "<group>"; };
		BDCBB587243A840B001CB0CE /* Homepage.swift */ = {isa = PBXFileReference; lastKnownFileType = sourcecode.swift; path = Homepage.swift; sourceTree = "<group>"; };
		BDF63641242DAFC000F3AAA2 /* Login.swift */ = {isa = PBXFileReference; lastKnownFileType = sourcecode.swift; path = Login.swift; sourceTree = "<group>"; };
		BDF63643242DB00900F3AAA2 /* MotherView.swift */ = {isa = PBXFileReference; lastKnownFileType = sourcecode.swift; path = MotherView.swift; sourceTree = "<group>"; };
		BDF63645242DB02D00F3AAA2 /* ViewRouter.swift */ = {isa = PBXFileReference; lastKnownFileType = sourcecode.swift; path = ViewRouter.swift; sourceTree = "<group>"; };
		BDF63647242DB04D00F3AAA2 /* Signup.swift */ = {isa = PBXFileReference; lastKnownFileType = sourcecode.swift; path = Signup.swift; sourceTree = "<group>"; };
		BDF7EE9E243FFAED006DB537 /* HamburgerOption.swift */ = {isa = PBXFileReference; lastKnownFileType = sourcecode.swift; path = HamburgerOption.swift; sourceTree = "<group>"; };
		BDF7EEA0243FFBC8006DB537 /* MenuView.swift */ = {isa = PBXFileReference; lastKnownFileType = sourcecode.swift; path = MenuView.swift; sourceTree = "<group>"; };
		C4C6D6E417EC6C2394606FDB /* Pods_Line_Up_Line_UpUITests.framework */ = {isa = PBXFileReference; explicitFileType = wrapper.framework; includeInIndex = 0; path = Pods_Line_Up_Line_UpUITests.framework; sourceTree = BUILT_PRODUCTS_DIR; };
		D35BBD14F79CA0F3076C456A /* Pods-Line Up-Line UpUITests.release.xcconfig */ = {isa = PBXFileReference; includeInIndex = 1; lastKnownFileType = text.xcconfig; name = "Pods-Line Up-Line UpUITests.release.xcconfig"; path = "Target Support Files/Pods-Line Up-Line UpUITests/Pods-Line Up-Line UpUITests.release.xcconfig"; sourceTree = "<group>"; };
		D7195492F82A56346A07FAE0 /* Pods-Line Up-Line UpUITests.debug.xcconfig */ = {isa = PBXFileReference; includeInIndex = 1; lastKnownFileType = text.xcconfig; name = "Pods-Line Up-Line UpUITests.debug.xcconfig"; path = "Target Support Files/Pods-Line Up-Line UpUITests/Pods-Line Up-Line UpUITests.debug.xcconfig"; sourceTree = "<group>"; };
/* End PBXFileReference section */

/* Begin PBXFrameworksBuildPhase section */
		BD17CD6823FC9FF900FF017D /* Frameworks */ = {
			isa = PBXFrameworksBuildPhase;
			buildActionMask = 2147483647;
			files = (
				B512E1E443CBB97D3791DCBF /* Pods_Line_Up.framework in Frameworks */,
			);
			runOnlyForDeploymentPostprocessing = 0;
		};
		BD17CD7E23FC9FFF00FF017D /* Frameworks */ = {
			isa = PBXFrameworksBuildPhase;
			buildActionMask = 2147483647;
			files = (
				666EAD3060B006AFC062DFD9 /* Pods_Line_UpTests.framework in Frameworks */,
			);
			runOnlyForDeploymentPostprocessing = 0;
		};
		BD17CD8923FC9FFF00FF017D /* Frameworks */ = {
			isa = PBXFrameworksBuildPhase;
			buildActionMask = 2147483647;
			files = (
				67CD3B4833A4B3282283D17A /* Pods_Line_Up_Line_UpUITests.framework in Frameworks */,
			);
			runOnlyForDeploymentPostprocessing = 0;
		};
/* End PBXFrameworksBuildPhase section */

/* Begin PBXGroup section */
		2502F8F4BE9D123462E0C3B2 /* Frameworks */ = {
			isa = PBXGroup;
			children = (
				8491818449722CB4F2A6D2E3 /* Pods_Line_Up.framework */,
				C4C6D6E417EC6C2394606FDB /* Pods_Line_Up_Line_UpUITests.framework */,
				BB7A67BE016F05952068351B /* Pods_Line_UpTests.framework */,
			);
			name = Frameworks;
			sourceTree = "<group>";
		};
		4CD5B3FDA5AF1640CD5EB89F /* Pods */ = {
			isa = PBXGroup;
			children = (
				20C791A5274B7F121273F825 /* Pods-Line Up.debug.xcconfig */,
				7947392BD2AC92A05C32A2BD /* Pods-Line Up.release.xcconfig */,
				D7195492F82A56346A07FAE0 /* Pods-Line Up-Line UpUITests.debug.xcconfig */,
				D35BBD14F79CA0F3076C456A /* Pods-Line Up-Line UpUITests.release.xcconfig */,
				805E4DFD600DFE0CFA98BDDD /* Pods-Line UpTests.debug.xcconfig */,
				3FFD1ED15A6D5FDE5A36FE5A /* Pods-Line UpTests.release.xcconfig */,
			);
			path = Pods;
			sourceTree = "<group>";
		};
		BD17CD6223FC9FF900FF017D = {
			isa = PBXGroup;
			children = (
				BD17CD6D23FC9FF900FF017D /* Line Up */,
				BD17CD8423FC9FFF00FF017D /* Line UpTests */,
				BD17CD8F23FC9FFF00FF017D /* Line UpUITests */,
				BD17CD6C23FC9FF900FF017D /* Products */,
				4CD5B3FDA5AF1640CD5EB89F /* Pods */,
				2502F8F4BE9D123462E0C3B2 /* Frameworks */,
			);
			sourceTree = "<group>";
		};
		BD17CD6C23FC9FF900FF017D /* Products */ = {
			isa = PBXGroup;
			children = (
				BD17CD6B23FC9FF900FF017D /* Line Up.app */,
				BD17CD8123FC9FFF00FF017D /* Line UpTests.xctest */,
				BD17CD8C23FC9FFF00FF017D /* Line UpUITests.xctest */,
			);
			name = Products;
			sourceTree = "<group>";
		};
		BD17CD6D23FC9FF900FF017D /* Line Up */ = {
			isa = PBXGroup;
			children = (
				BD5F5996244124CD00DD3774 /* Controller */,
				BD9DF8D9243A0FF900CA175B /* Session */,
				BD17CD9F23FCAE2E00FF017D /* Models */,
				BD17CD6E23FC9FF900FF017D /* AppDelegate.swift */,
				BD17CD7023FC9FF900FF017D /* SceneDelegate.swift */,
				BD17CD7223FC9FF900FF017D /* ContentView.swift */,
				BD17CD7423FC9FFF00FF017D /* Assets.xcassets */,
				BD17CD7923FC9FFF00FF017D /* LaunchScreen.storyboard */,
				BD17CD7C23FC9FFF00FF017D /* Info.plist */,
				BD2060862403652400EC0B10 /* GoogleService-Info.plist */,
				BD17CD7623FC9FFF00FF017D /* Preview Content */,
				BDF63641242DAFC000F3AAA2 /* Login.swift */,
				BDF63643242DB00900F3AAA2 /* MotherView.swift */,
				BDF63645242DB02D00F3AAA2 /* ViewRouter.swift */,
				BDF63647242DB04D00F3AAA2 /* Signup.swift */,
				BDCBB587243A840B001CB0CE /* Homepage.swift */,
				BDF7EEA0243FFBC8006DB537 /* MenuView.swift */,
				BDF7EE9E243FFAED006DB537 /* HamburgerOption.swift */,
				BD310FBE2440FBA6006D8B25 /* NewTask.swift */,
				BD5F599924414A3000DD3774 /* ViewTasks.swift */,
				BD5F599B2443B1BA00DD3774 /* ModifyTask.swift */,
				BDA4A51B24525CA600EA46C2 /* DetailedTask.swift */,
				BDA4A51F24534AF600EA46C2 /* SessionClass.swift */,
				BDA4A521245357E000EA46C2 /* LocalNotificationManager.swift */,
				BDA4A5232453705200EA46C2 /* NotificationButton.swift */,
				BDC0D3CA245F645F00DF2ADC /* CompletedTasks.swift */,
				BDC0D3CC245F7A9300DF2ADC /* Message.swift */,
				BDC0D3D0245FB9C700DF2ADC /* GoogleLoginView.swift */,
				BDC0D3D22460BD7F00DF2ADC /* Email.swift */,
				BDC0D41B2462057B00DF2ADC /* Demo.swift */,
			);
			path = "Line Up";
			sourceTree = "<group>";
		};
		BD17CD7623FC9FFF00FF017D /* Preview Content */ = {
			isa = PBXGroup;
			children = (
				BD17CD7723FC9FFF00FF017D /* Preview Assets.xcassets */,
			);
			path = "Preview Content";
			sourceTree = "<group>";
		};
		BD17CD8423FC9FFF00FF017D /* Line UpTests */ = {
			isa = PBXGroup;
			children = (
				BD17CD8523FC9FFF00FF017D /* Line_UpTests.swift */,
				BD17CD8723FC9FFF00FF017D /* Info.plist */,
			);
			path = "Line UpTests";
			sourceTree = "<group>";
		};
		BD17CD8F23FC9FFF00FF017D /* Line UpUITests */ = {
			isa = PBXGroup;
			children = (
				BD17CD9023FC9FFF00FF017D /* Line_UpUITests.swift */,
				BD17CD9223FC9FFF00FF017D /* Info.plist */,
			);
			path = "Line UpUITests";
			sourceTree = "<group>";
		};
		BD17CD9F23FCAE2E00FF017D /* Models */ = {
			isa = PBXGroup;
			children = (
				BD17CDA623FCB05A00FF017D /* User.swift */,
				BD17CDAA23FCC94200FF017D /* Tasks.swift */,
			);
			path = Models;
			sourceTree = "<group>";
		};
		BD5F5996244124CD00DD3774 /* Controller */ = {
			isa = PBXGroup;
			children = (
				BD9DF8DC243A42C800CA175B /* Controller.swift */,
				BD5F5997244124FC00DD3774 /* FirebaseCollection.swift */,
			);
			path = Controller;
			sourceTree = "<group>";
		};
		BD9DF8D9243A0FF900CA175B /* Session */ = {
			isa = PBXGroup;
			children = (
				BD9DF8DA243A101100CA175B /* FirebaseSession.swift */,
			);
			path = Session;
			sourceTree = "<group>";
		};
/* End PBXGroup section */

/* Begin PBXNativeTarget section */
		BD17CD6A23FC9FF900FF017D /* Line Up */ = {
			isa = PBXNativeTarget;
			buildConfigurationList = BD17CD9523FC9FFF00FF017D /* Build configuration list for PBXNativeTarget "Line Up" */;
			buildPhases = (
				F03DC66CE0BB17CB15CAC190 /* [CP] Check Pods Manifest.lock */,
				BD17CD6723FC9FF900FF017D /* Sources */,
				BD17CD6823FC9FF900FF017D /* Frameworks */,
				BD17CD6923FC9FF900FF017D /* Resources */,
				996DAEA748CF04CF3A001744 /* [CP] Embed Pods Frameworks */,
				BD94FC50A3A0091276796B93 /* [CP] Copy Pods Resources */,
			);
			buildRules = (
			);
			dependencies = (
			);
			name = "Line Up";
			productName = "Line Up";
			productReference = BD17CD6B23FC9FF900FF017D /* Line Up.app */;
			productType = "com.apple.product-type.application";
		};
		BD17CD8023FC9FFF00FF017D /* Line UpTests */ = {
			isa = PBXNativeTarget;
			buildConfigurationList = BD17CD9823FC9FFF00FF017D /* Build configuration list for PBXNativeTarget "Line UpTests" */;
			buildPhases = (
				0142E93FF907EF8BC8C68BDE /* [CP] Check Pods Manifest.lock */,
				BD17CD7D23FC9FFF00FF017D /* Sources */,
				BD17CD7E23FC9FFF00FF017D /* Frameworks */,
				BD17CD7F23FC9FFF00FF017D /* Resources */,
			);
			buildRules = (
			);
			dependencies = (
				BD17CD8323FC9FFF00FF017D /* PBXTargetDependency */,
			);
			name = "Line UpTests";
			productName = "Line UpTests";
			productReference = BD17CD8123FC9FFF00FF017D /* Line UpTests.xctest */;
			productType = "com.apple.product-type.bundle.unit-test";
		};
		BD17CD8B23FC9FFF00FF017D /* Line UpUITests */ = {
			isa = PBXNativeTarget;
			buildConfigurationList = BD17CD9B23FC9FFF00FF017D /* Build configuration list for PBXNativeTarget "Line UpUITests" */;
			buildPhases = (
				E0329DDC8B43FB3856883F0C /* [CP] Check Pods Manifest.lock */,
				BD17CD8823FC9FFF00FF017D /* Sources */,
				BD17CD8923FC9FFF00FF017D /* Frameworks */,
				BD17CD8A23FC9FFF00FF017D /* Resources */,
				62521A88B544A7786EB2A460 /* [CP] Embed Pods Frameworks */,
				C6864D72C153C83B5F762415 /* [CP] Copy Pods Resources */,
			);
			buildRules = (
			);
			dependencies = (
				BD17CD8E23FC9FFF00FF017D /* PBXTargetDependency */,
			);
			name = "Line UpUITests";
			productName = "Line UpUITests";
			productReference = BD17CD8C23FC9FFF00FF017D /* Line UpUITests.xctest */;
			productType = "com.apple.product-type.bundle.ui-testing";
		};
/* End PBXNativeTarget section */

/* Begin PBXProject section */
		BD17CD6323FC9FF900FF017D /* Project object */ = {
			isa = PBXProject;
			attributes = {
				LastSwiftUpdateCheck = 1130;
				LastUpgradeCheck = 1130;
				ORGANIZATIONNAME = "Sreenikhil Kollu";
				TargetAttributes = {
					BD17CD6A23FC9FF900FF017D = {
						CreatedOnToolsVersion = 11.3;
					};
					BD17CD8023FC9FFF00FF017D = {
						CreatedOnToolsVersion = 11.3;
						TestTargetID = BD17CD6A23FC9FF900FF017D;
					};
					BD17CD8B23FC9FFF00FF017D = {
						CreatedOnToolsVersion = 11.3;
						TestTargetID = BD17CD6A23FC9FF900FF017D;
					};
				};
			};
			buildConfigurationList = BD17CD6623FC9FF900FF017D /* Build configuration list for PBXProject "Line Up" */;
			compatibilityVersion = "Xcode 9.3";
			developmentRegion = en;
			hasScannedForEncodings = 0;
			knownRegions = (
				en,
				Base,
			);
			mainGroup = BD17CD6223FC9FF900FF017D;
			productRefGroup = BD17CD6C23FC9FF900FF017D /* Products */;
			projectDirPath = "";
			projectRoot = "";
			targets = (
				BD17CD6A23FC9FF900FF017D /* Line Up */,
				BD17CD8023FC9FFF00FF017D /* Line UpTests */,
				BD17CD8B23FC9FFF00FF017D /* Line UpUITests */,
			);
		};
/* End PBXProject section */

/* Begin PBXResourcesBuildPhase section */
		BD17CD6923FC9FF900FF017D /* Resources */ = {
			isa = PBXResourcesBuildPhase;
			buildActionMask = 2147483647;
			files = (
				BD17CD7B23FC9FFF00FF017D /* LaunchScreen.storyboard in Resources */,
				BD2060872403652400EC0B10 /* GoogleService-Info.plist in Resources */,
				BD17CD7823FC9FFF00FF017D /* Preview Assets.xcassets in Resources */,
				BD17CD7523FC9FFF00FF017D /* Assets.xcassets in Resources */,
			);
			runOnlyForDeploymentPostprocessing = 0;
		};
		BD17CD7F23FC9FFF00FF017D /* Resources */ = {
			isa = PBXResourcesBuildPhase;
			buildActionMask = 2147483647;
			files = (
				BD2060882403652400EC0B10 /* GoogleService-Info.plist in Resources */,
			);
			runOnlyForDeploymentPostprocessing = 0;
		};
		BD17CD8A23FC9FFF00FF017D /* Resources */ = {
			isa = PBXResourcesBuildPhase;
			buildActionMask = 2147483647;
			files = (
				BD2060892403652400EC0B10 /* GoogleService-Info.plist in Resources */,
			);
			runOnlyForDeploymentPostprocessing = 0;
		};
/* End PBXResourcesBuildPhase section */

/* Begin PBXShellScriptBuildPhase section */
		0142E93FF907EF8BC8C68BDE /* [CP] Check Pods Manifest.lock */ = {
			isa = PBXShellScriptBuildPhase;
			buildActionMask = 2147483647;
			files = (
			);
			inputFileListPaths = (
			);
			inputPaths = (
				"${PODS_PODFILE_DIR_PATH}/Podfile.lock",
				"${PODS_ROOT}/Manifest.lock",
			);
			name = "[CP] Check Pods Manifest.lock";
			outputFileListPaths = (
			);
			outputPaths = (
				"$(DERIVED_FILE_DIR)/Pods-Line UpTests-checkManifestLockResult.txt",
			);
			runOnlyForDeploymentPostprocessing = 0;
			shellPath = /bin/sh;
			shellScript = "diff \"${PODS_PODFILE_DIR_PATH}/Podfile.lock\" \"${PODS_ROOT}/Manifest.lock\" > /dev/null\nif [ $? != 0 ] ; then\n    # print error to STDERR\n    echo \"error: The sandbox is not in sync with the Podfile.lock. Run 'pod install' or update your CocoaPods installation.\" >&2\n    exit 1\nfi\n# This output is used by Xcode 'outputs' to avoid re-running this script phase.\necho \"SUCCESS\" > \"${SCRIPT_OUTPUT_FILE_0}\"\n";
			showEnvVarsInLog = 0;
		};
		62521A88B544A7786EB2A460 /* [CP] Embed Pods Frameworks */ = {
			isa = PBXShellScriptBuildPhase;
			buildActionMask = 2147483647;
			files = (
			);
			inputFileListPaths = (
				"${PODS_ROOT}/Target Support Files/Pods-Line Up-Line UpUITests/Pods-Line Up-Line UpUITests-frameworks-${CONFIGURATION}-input-files.xcfilelist",
			);
			name = "[CP] Embed Pods Frameworks";
			outputFileListPaths = (
				"${PODS_ROOT}/Target Support Files/Pods-Line Up-Line UpUITests/Pods-Line Up-Line UpUITests-frameworks-${CONFIGURATION}-output-files.xcfilelist",
			);
			runOnlyForDeploymentPostprocessing = 0;
			shellPath = /bin/sh;
			shellScript = "\"${PODS_ROOT}/Target Support Files/Pods-Line Up-Line UpUITests/Pods-Line Up-Line UpUITests-frameworks.sh\"\n";
			showEnvVarsInLog = 0;
		};
		996DAEA748CF04CF3A001744 /* [CP] Embed Pods Frameworks */ = {
			isa = PBXShellScriptBuildPhase;
			buildActionMask = 2147483647;
			files = (
			);
			inputFileListPaths = (
				"${PODS_ROOT}/Target Support Files/Pods-Line Up/Pods-Line Up-frameworks-${CONFIGURATION}-input-files.xcfilelist",
			);
			name = "[CP] Embed Pods Frameworks";
			outputFileListPaths = (
				"${PODS_ROOT}/Target Support Files/Pods-Line Up/Pods-Line Up-frameworks-${CONFIGURATION}-output-files.xcfilelist",
			);
			runOnlyForDeploymentPostprocessing = 0;
			shellPath = /bin/sh;
			shellScript = "\"${PODS_ROOT}/Target Support Files/Pods-Line Up/Pods-Line Up-frameworks.sh\"\n";
			showEnvVarsInLog = 0;
		};
		BD94FC50A3A0091276796B93 /* [CP] Copy Pods Resources */ = {
			isa = PBXShellScriptBuildPhase;
			buildActionMask = 2147483647;
			files = (
			);
			inputFileListPaths = (
				"${PODS_ROOT}/Target Support Files/Pods-Line Up/Pods-Line Up-resources-${CONFIGURATION}-input-files.xcfilelist",
			);
			name = "[CP] Copy Pods Resources";
			outputFileListPaths = (
				"${PODS_ROOT}/Target Support Files/Pods-Line Up/Pods-Line Up-resources-${CONFIGURATION}-output-files.xcfilelist",
			);
			runOnlyForDeploymentPostprocessing = 0;
			shellPath = /bin/sh;
			shellScript = "\"${PODS_ROOT}/Target Support Files/Pods-Line Up/Pods-Line Up-resources.sh\"\n";
			showEnvVarsInLog = 0;
		};
		C6864D72C153C83B5F762415 /* [CP] Copy Pods Resources */ = {
			isa = PBXShellScriptBuildPhase;
			buildActionMask = 2147483647;
			files = (
			);
			inputFileListPaths = (
				"${PODS_ROOT}/Target Support Files/Pods-Line Up-Line UpUITests/Pods-Line Up-Line UpUITests-resources-${CONFIGURATION}-input-files.xcfilelist",
			);
			name = "[CP] Copy Pods Resources";
			outputFileListPaths = (
				"${PODS_ROOT}/Target Support Files/Pods-Line Up-Line UpUITests/Pods-Line Up-Line UpUITests-resources-${CONFIGURATION}-output-files.xcfilelist",
			);
			runOnlyForDeploymentPostprocessing = 0;
			shellPath = /bin/sh;
			shellScript = "\"${PODS_ROOT}/Target Support Files/Pods-Line Up-Line UpUITests/Pods-Line Up-Line UpUITests-resources.sh\"\n";
			showEnvVarsInLog = 0;
		};
		E0329DDC8B43FB3856883F0C /* [CP] Check Pods Manifest.lock */ = {
			isa = PBXShellScriptBuildPhase;
			buildActionMask = 2147483647;
			files = (
			);
			inputFileListPaths = (
			);
			inputPaths = (
				"${PODS_PODFILE_DIR_PATH}/Podfile.lock",
				"${PODS_ROOT}/Manifest.lock",
			);
			name = "[CP] Check Pods Manifest.lock";
			outputFileListPaths = (
			);
			outputPaths = (
				"$(DERIVED_FILE_DIR)/Pods-Line Up-Line UpUITests-checkManifestLockResult.txt",
			);
			runOnlyForDeploymentPostprocessing = 0;
			shellPath = /bin/sh;
			shellScript = "diff \"${PODS_PODFILE_DIR_PATH}/Podfile.lock\" \"${PODS_ROOT}/Manifest.lock\" > /dev/null\nif [ $? != 0 ] ; then\n    # print error to STDERR\n    echo \"error: The sandbox is not in sync with the Podfile.lock. Run 'pod install' or update your CocoaPods installation.\" >&2\n    exit 1\nfi\n# This output is used by Xcode 'outputs' to avoid re-running this script phase.\necho \"SUCCESS\" > \"${SCRIPT_OUTPUT_FILE_0}\"\n";
			showEnvVarsInLog = 0;
		};
		F03DC66CE0BB17CB15CAC190 /* [CP] Check Pods Manifest.lock */ = {
			isa = PBXShellScriptBuildPhase;
			buildActionMask = 2147483647;
			files = (
			);
			inputFileListPaths = (
			);
			inputPaths = (
				"${PODS_PODFILE_DIR_PATH}/Podfile.lock",
				"${PODS_ROOT}/Manifest.lock",
			);
			name = "[CP] Check Pods Manifest.lock";
			outputFileListPaths = (
			);
			outputPaths = (
				"$(DERIVED_FILE_DIR)/Pods-Line Up-checkManifestLockResult.txt",
			);
			runOnlyForDeploymentPostprocessing = 0;
			shellPath = /bin/sh;
			shellScript = "diff \"${PODS_PODFILE_DIR_PATH}/Podfile.lock\" \"${PODS_ROOT}/Manifest.lock\" > /dev/null\nif [ $? != 0 ] ; then\n    # print error to STDERR\n    echo \"error: The sandbox is not in sync with the Podfile.lock. Run 'pod install' or update your CocoaPods installation.\" >&2\n    exit 1\nfi\n# This output is used by Xcode 'outputs' to avoid re-running this script phase.\necho \"SUCCESS\" > \"${SCRIPT_OUTPUT_FILE_0}\"\n";
			showEnvVarsInLog = 0;
		};
/* End PBXShellScriptBuildPhase section */

/* Begin PBXSourcesBuildPhase section */
		BD17CD6723FC9FF900FF017D /* Sources */ = {
			isa = PBXSourcesBuildPhase;
			buildActionMask = 2147483647;
			files = (
				BDA4A522245357E000EA46C2 /* LocalNotificationManager.swift in Sources */,
				BDC0D3D1245FB9C700DF2ADC /* GoogleLoginView.swift in Sources */,
				BD17CDA723FCB05A00FF017D /* User.swift in Sources */,
				BDC0D3CB245F645F00DF2ADC /* CompletedTasks.swift in Sources */,
				BDF63648242DB04D00F3AAA2 /* Signup.swift in Sources */,
				BD5F599C2443B1BA00DD3774 /* ModifyTask.swift in Sources */,
				BDA4A5242453705200EA46C2 /* NotificationButton.swift in Sources */,
				BDCBB588243A840B001CB0CE /* Homepage.swift in Sources */,
				BD17CD6F23FC9FF900FF017D /* AppDelegate.swift in Sources */,
				BD9DF8DD243A42C800CA175B /* Controller.swift in Sources */,
				BDC0D3D32460BD7F00DF2ADC /* Email.swift in Sources */,
				BD310FBF2440FBA6006D8B25 /* NewTask.swift in Sources */,
				BDA4A52024534AF600EA46C2 /* SessionClass.swift in Sources */,
				BD17CD7123FC9FF900FF017D /* SceneDelegate.swift in Sources */,
				BDF63644242DB00900F3AAA2 /* MotherView.swift in Sources */,
				BDF63646242DB02D00F3AAA2 /* ViewRouter.swift in Sources */,
				BD17CDAB23FCC94200FF017D /* Tasks.swift in Sources */,
				BDA4A51C24525CA600EA46C2 /* DetailedTask.swift in Sources */,
				BD17CD7323FC9FF900FF017D /* ContentView.swift in Sources */,
				BDF7EEA1243FFBC8006DB537 /* MenuView.swift in Sources */,
				BDC0D41C2462057B00DF2ADC /* Demo.swift in Sources */,
				BD9DF8DB243A101100CA175B /* FirebaseSession.swift in Sources */,
				BDF7EE9F243FFAED006DB537 /* HamburgerOption.swift in Sources */,
				BD5F599A24414A3000DD3774 /* ViewTasks.swift in Sources */,
				BDC0D3CD245F7A9300DF2ADC /* Message.swift in Sources */,
				BD5F5998244124FC00DD3774 /* FirebaseCollection.swift in Sources */,
				BDF63642242DAFC000F3AAA2 /* Login.swift in Sources */,
			);
			runOnlyForDeploymentPostprocessing = 0;
		};
		BD17CD7D23FC9FFF00FF017D /* Sources */ = {
			isa = PBXSourcesBuildPhase;
			buildActionMask = 2147483647;
			files = (
				BD17CDA823FCB05A00FF017D /* User.swift in Sources */,
				BD17CDAC23FCC94200FF017D /* Tasks.swift in Sources */,
				BD17CD8623FC9FFF00FF017D /* Line_UpTests.swift in Sources */,
			);
			runOnlyForDeploymentPostprocessing = 0;
		};
		BD17CD8823FC9FFF00FF017D /* Sources */ = {
			isa = PBXSourcesBuildPhase;
			buildActionMask = 2147483647;
			files = (
				BD17CDA923FCB05A00FF017D /* User.swift in Sources */,
				BD17CDAD23FCC94200FF017D /* Tasks.swift in Sources */,
				BD17CD9123FC9FFF00FF017D /* Line_UpUITests.swift in Sources */,
			);
			runOnlyForDeploymentPostprocessing = 0;
		};
/* End PBXSourcesBuildPhase section */

/* Begin PBXTargetDependency section */
		BD17CD8323FC9FFF00FF017D /* PBXTargetDependency */ = {
			isa = PBXTargetDependency;
			target = BD17CD6A23FC9FF900FF017D /* Line Up */;
			targetProxy = BD17CD8223FC9FFF00FF017D /* PBXContainerItemProxy */;
		};
		BD17CD8E23FC9FFF00FF017D /* PBXTargetDependency */ = {
			isa = PBXTargetDependency;
			target = BD17CD6A23FC9FF900FF017D /* Line Up */;
			targetProxy = BD17CD8D23FC9FFF00FF017D /* PBXContainerItemProxy */;
		};
/* End PBXTargetDependency section */

/* Begin PBXVariantGroup section */
		BD17CD7923FC9FFF00FF017D /* LaunchScreen.storyboard */ = {
			isa = PBXVariantGroup;
			children = (
				BD17CD7A23FC9FFF00FF017D /* Base */,
			);
			name = LaunchScreen.storyboard;
			sourceTree = "<group>";
		};
/* End PBXVariantGroup section */

/* Begin XCBuildConfiguration section */
		BD17CD9323FC9FFF00FF017D /* Debug */ = {
			isa = XCBuildConfiguration;
			buildSettings = {
				ALWAYS_SEARCH_USER_PATHS = NO;
				CLANG_ANALYZER_NONNULL = YES;
				CLANG_ANALYZER_NUMBER_OBJECT_CONVERSION = YES_AGGRESSIVE;
				CLANG_CXX_LANGUAGE_STANDARD = "gnu++14";
				CLANG_CXX_LIBRARY = "libc++";
				CLANG_ENABLE_MODULES = YES;
				CLANG_ENABLE_OBJC_ARC = YES;
				CLANG_ENABLE_OBJC_WEAK = YES;
				CLANG_WARN_BLOCK_CAPTURE_AUTORELEASING = YES;
				CLANG_WARN_BOOL_CONVERSION = YES;
				CLANG_WARN_COMMA = YES;
				CLANG_WARN_CONSTANT_CONVERSION = YES;
				CLANG_WARN_DEPRECATED_OBJC_IMPLEMENTATIONS = YES;
				CLANG_WARN_DIRECT_OBJC_ISA_USAGE = YES_ERROR;
				CLANG_WARN_DOCUMENTATION_COMMENTS = YES;
				CLANG_WARN_EMPTY_BODY = YES;
				CLANG_WARN_ENUM_CONVERSION = YES;
				CLANG_WARN_INFINITE_RECURSION = YES;
				CLANG_WARN_INT_CONVERSION = YES;
				CLANG_WARN_NON_LITERAL_NULL_CONVERSION = YES;
				CLANG_WARN_OBJC_IMPLICIT_RETAIN_SELF = YES;
				CLANG_WARN_OBJC_LITERAL_CONVERSION = YES;
				CLANG_WARN_OBJC_ROOT_CLASS = YES_ERROR;
				CLANG_WARN_RANGE_LOOP_ANALYSIS = YES;
				CLANG_WARN_STRICT_PROTOTYPES = YES;
				CLANG_WARN_SUSPICIOUS_MOVE = YES;
				CLANG_WARN_UNGUARDED_AVAILABILITY = YES_AGGRESSIVE;
				CLANG_WARN_UNREACHABLE_CODE = YES;
				CLANG_WARN__DUPLICATE_METHOD_MATCH = YES;
				COPY_PHASE_STRIP = NO;
				DEBUG_INFORMATION_FORMAT = dwarf;
				ENABLE_STRICT_OBJC_MSGSEND = YES;
				ENABLE_TESTABILITY = YES;
				GCC_C_LANGUAGE_STANDARD = gnu11;
				GCC_DYNAMIC_NO_PIC = NO;
				GCC_NO_COMMON_BLOCKS = YES;
				GCC_OPTIMIZATION_LEVEL = 0;
				GCC_PREPROCESSOR_DEFINITIONS = (
					"DEBUG=1",
					"$(inherited)",
				);
				GCC_WARN_64_TO_32_BIT_CONVERSION = YES;
				GCC_WARN_ABOUT_RETURN_TYPE = YES_ERROR;
				GCC_WARN_UNDECLARED_SELECTOR = YES;
				GCC_WARN_UNINITIALIZED_AUTOS = YES_AGGRESSIVE;
				GCC_WARN_UNUSED_FUNCTION = YES;
				GCC_WARN_UNUSED_VARIABLE = YES;
				IPHONEOS_DEPLOYMENT_TARGET = 13.2;
				MTL_ENABLE_DEBUG_INFO = INCLUDE_SOURCE;
				MTL_FAST_MATH = YES;
				ONLY_ACTIVE_ARCH = YES;
				SDKROOT = iphoneos;
				SWIFT_ACTIVE_COMPILATION_CONDITIONS = DEBUG;
				SWIFT_OPTIMIZATION_LEVEL = "-Onone";
			};
			name = Debug;
		};
		BD17CD9423FC9FFF00FF017D /* Release */ = {
			isa = XCBuildConfiguration;
			buildSettings = {
				ALWAYS_SEARCH_USER_PATHS = NO;
				CLANG_ANALYZER_NONNULL = YES;
				CLANG_ANALYZER_NUMBER_OBJECT_CONVERSION = YES_AGGRESSIVE;
				CLANG_CXX_LANGUAGE_STANDARD = "gnu++14";
				CLANG_CXX_LIBRARY = "libc++";
				CLANG_ENABLE_MODULES = YES;
				CLANG_ENABLE_OBJC_ARC = YES;
				CLANG_ENABLE_OBJC_WEAK = YES;
				CLANG_WARN_BLOCK_CAPTURE_AUTORELEASING = YES;
				CLANG_WARN_BOOL_CONVERSION = YES;
				CLANG_WARN_COMMA = YES;
				CLANG_WARN_CONSTANT_CONVERSION = YES;
				CLANG_WARN_DEPRECATED_OBJC_IMPLEMENTATIONS = YES;
				CLANG_WARN_DIRECT_OBJC_ISA_USAGE = YES_ERROR;
				CLANG_WARN_DOCUMENTATION_COMMENTS = YES;
				CLANG_WARN_EMPTY_BODY = YES;
				CLANG_WARN_ENUM_CONVERSION = YES;
				CLANG_WARN_INFINITE_RECURSION = YES;
				CLANG_WARN_INT_CONVERSION = YES;
				CLANG_WARN_NON_LITERAL_NULL_CONVERSION = YES;
				CLANG_WARN_OBJC_IMPLICIT_RETAIN_SELF = YES;
				CLANG_WARN_OBJC_LITERAL_CONVERSION = YES;
				CLANG_WARN_OBJC_ROOT_CLASS = YES_ERROR;
				CLANG_WARN_RANGE_LOOP_ANALYSIS = YES;
				CLANG_WARN_STRICT_PROTOTYPES = YES;
				CLANG_WARN_SUSPICIOUS_MOVE = YES;
				CLANG_WARN_UNGUARDED_AVAILABILITY = YES_AGGRESSIVE;
				CLANG_WARN_UNREACHABLE_CODE = YES;
				CLANG_WARN__DUPLICATE_METHOD_MATCH = YES;
				COPY_PHASE_STRIP = NO;
				DEBUG_INFORMATION_FORMAT = "dwarf-with-dsym";
				ENABLE_NS_ASSERTIONS = NO;
				ENABLE_STRICT_OBJC_MSGSEND = YES;
				GCC_C_LANGUAGE_STANDARD = gnu11;
				GCC_NO_COMMON_BLOCKS = YES;
				GCC_WARN_64_TO_32_BIT_CONVERSION = YES;
				GCC_WARN_ABOUT_RETURN_TYPE = YES_ERROR;
				GCC_WARN_UNDECLARED_SELECTOR = YES;
				GCC_WARN_UNINITIALIZED_AUTOS = YES_AGGRESSIVE;
				GCC_WARN_UNUSED_FUNCTION = YES;
				GCC_WARN_UNUSED_VARIABLE = YES;
				IPHONEOS_DEPLOYMENT_TARGET = 13.2;
				MTL_ENABLE_DEBUG_INFO = NO;
				MTL_FAST_MATH = YES;
				SDKROOT = iphoneos;
				SWIFT_COMPILATION_MODE = wholemodule;
				SWIFT_OPTIMIZATION_LEVEL = "-O";
				VALIDATE_PRODUCT = YES;
			};
			name = Release;
		};
		BD17CD9623FC9FFF00FF017D /* Debug */ = {
			isa = XCBuildConfiguration;
			baseConfigurationReference = 20C791A5274B7F121273F825 /* Pods-Line Up.debug.xcconfig */;
			buildSettings = {
				ASSETCATALOG_COMPILER_APPICON_NAME = AppIcon;
				CODE_SIGN_STYLE = Automatic;
				DEVELOPMENT_ASSET_PATHS = "\"Line Up/Preview Content\"";
				ENABLE_PREVIEWS = YES;
				INFOPLIST_FILE = "Line Up/Info.plist";
				LD_RUNPATH_SEARCH_PATHS = (
					"$(inherited)",
					"@executable_path/Frameworks",
				);
				PRODUCT_BUNDLE_IDENTIFIER = "university-of-new-haven.Line-Up";
				PRODUCT_NAME = "$(TARGET_NAME)";
				SWIFT_VERSION = 5.0;
				TARGETED_DEVICE_FAMILY = "1,2";
			};
			name = Debug;
		};
		BD17CD9723FC9FFF00FF017D /* Release */ = {
			isa = XCBuildConfiguration;
			baseConfigurationReference = 7947392BD2AC92A05C32A2BD /* Pods-Line Up.release.xcconfig */;
			buildSettings = {
				ASSETCATALOG_COMPILER_APPICON_NAME = AppIcon;
				CODE_SIGN_STYLE = Automatic;
				DEVELOPMENT_ASSET_PATHS = "\"Line Up/Preview Content\"";
				ENABLE_PREVIEWS = YES;
				INFOPLIST_FILE = "Line Up/Info.plist";
				LD_RUNPATH_SEARCH_PATHS = (
					"$(inherited)",
					"@executable_path/Frameworks",
				);
				PRODUCT_BUNDLE_IDENTIFIER = "university-of-new-haven.Line-Up";
				PRODUCT_NAME = "$(TARGET_NAME)";
				SWIFT_VERSION = 5.0;
				TARGETED_DEVICE_FAMILY = "1,2";
			};
			name = Release;
		};
		BD17CD9923FC9FFF00FF017D /* Debug */ = {
			isa = XCBuildConfiguration;
			baseConfigurationReference = 805E4DFD600DFE0CFA98BDDD /* Pods-Line UpTests.debug.xcconfig */;
			buildSettings = {
				ALWAYS_EMBED_SWIFT_STANDARD_LIBRARIES = YES;
				BUNDLE_LOADER = "$(TEST_HOST)";
				CODE_SIGN_STYLE = Automatic;
				INFOPLIST_FILE = "Line UpTests/Info.plist";
				IPHONEOS_DEPLOYMENT_TARGET = 13.2;
				LD_RUNPATH_SEARCH_PATHS = (
					"$(inherited)",
					"@executable_path/Frameworks",
					"@loader_path/Frameworks",
				);
				PRODUCT_BUNDLE_IDENTIFIER = "university-of-new-haven.Line-UpTests";
				PRODUCT_NAME = "$(TARGET_NAME)";
				SWIFT_VERSION = 5.0;
				TARGETED_DEVICE_FAMILY = "1,2";
				TEST_HOST = "$(BUILT_PRODUCTS_DIR)/Line Up.app/Line Up";
			};
			name = Debug;
		};
		BD17CD9A23FC9FFF00FF017D /* Release */ = {
			isa = XCBuildConfiguration;
			baseConfigurationReference = 3FFD1ED15A6D5FDE5A36FE5A /* Pods-Line UpTests.release.xcconfig */;
			buildSettings = {
				ALWAYS_EMBED_SWIFT_STANDARD_LIBRARIES = YES;
				BUNDLE_LOADER = "$(TEST_HOST)";
				CODE_SIGN_STYLE = Automatic;
				INFOPLIST_FILE = "Line UpTests/Info.plist";
				IPHONEOS_DEPLOYMENT_TARGET = 13.2;
				LD_RUNPATH_SEARCH_PATHS = (
					"$(inherited)",
					"@executable_path/Frameworks",
					"@loader_path/Frameworks",
				);
				PRODUCT_BUNDLE_IDENTIFIER = "university-of-new-haven.Line-UpTests";
				PRODUCT_NAME = "$(TARGET_NAME)";
				SWIFT_VERSION = 5.0;
				TARGETED_DEVICE_FAMILY = "1,2";
				TEST_HOST = "$(BUILT_PRODUCTS_DIR)/Line Up.app/Line Up";
			};
			name = Release;
		};
		BD17CD9C23FC9FFF00FF017D /* Debug */ = {
			isa = XCBuildConfiguration;
			baseConfigurationReference = D7195492F82A56346A07FAE0 /* Pods-Line Up-Line UpUITests.debug.xcconfig */;
			buildSettings = {
				ALWAYS_EMBED_SWIFT_STANDARD_LIBRARIES = YES;
				CODE_SIGN_STYLE = Automatic;
				INFOPLIST_FILE = "Line UpUITests/Info.plist";
				LD_RUNPATH_SEARCH_PATHS = (
					"$(inherited)",
					"@executable_path/Frameworks",
					"@loader_path/Frameworks",
				);
				PRODUCT_BUNDLE_IDENTIFIER = "university-of-new-haven.Line-UpUITests";
				PRODUCT_NAME = "$(TARGET_NAME)";
				SWIFT_VERSION = 5.0;
				TARGETED_DEVICE_FAMILY = "1,2";
				TEST_TARGET_NAME = "Line Up";
			};
			name = Debug;
		};
		BD17CD9D23FC9FFF00FF017D /* Release */ = {
			isa = XCBuildConfiguration;
			baseConfigurationReference = D35BBD14F79CA0F3076C456A /* Pods-Line Up-Line UpUITests.release.xcconfig */;
			buildSettings = {
				ALWAYS_EMBED_SWIFT_STANDARD_LIBRARIES = YES;
				CODE_SIGN_STYLE = Automatic;
				INFOPLIST_FILE = "Line UpUITests/Info.plist";
				LD_RUNPATH_SEARCH_PATHS = (
					"$(inherited)",
					"@executable_path/Frameworks",
					"@loader_path/Frameworks",
				);
				PRODUCT_BUNDLE_IDENTIFIER = "university-of-new-haven.Line-UpUITests";
				PRODUCT_NAME = "$(TARGET_NAME)";
				SWIFT_VERSION = 5.0;
				TARGETED_DEVICE_FAMILY = "1,2";
				TEST_TARGET_NAME = "Line Up";
			};
			name = Release;
		};
/* End XCBuildConfiguration section */

/* Begin XCConfigurationList section */
		BD17CD6623FC9FF900FF017D /* Build configuration list for PBXProject "Line Up" */ = {
			isa = XCConfigurationList;
			buildConfigurations = (
				BD17CD9323FC9FFF00FF017D /* Debug */,
				BD17CD9423FC9FFF00FF017D /* Release */,
			);
			defaultConfigurationIsVisible = 0;
			defaultConfigurationName = Release;
		};
		BD17CD9523FC9FFF00FF017D /* Build configuration list for PBXNativeTarget "Line Up" */ = {
			isa = XCConfigurationList;
			buildConfigurations = (
				BD17CD9623FC9FFF00FF017D /* Debug */,
				BD17CD9723FC9FFF00FF017D /* Release */,
			);
			defaultConfigurationIsVisible = 0;
			defaultConfigurationName = Release;
		};
		BD17CD9823FC9FFF00FF017D /* Build configuration list for PBXNativeTarget "Line UpTests" */ = {
			isa = XCConfigurationList;
			buildConfigurations = (
				BD17CD9923FC9FFF00FF017D /* Debug */,
				BD17CD9A23FC9FFF00FF017D /* Release */,
			);
			defaultConfigurationIsVisible = 0;
			defaultConfigurationName = Release;
		};
		BD17CD9B23FC9FFF00FF017D /* Build configuration list for PBXNativeTarget "Line UpUITests" */ = {
			isa = XCConfigurationList;
			buildConfigurations = (
				BD17CD9C23FC9FFF00FF017D /* Debug */,
				BD17CD9D23FC9FFF00FF017D /* Release */,
			);
			defaultConfigurationIsVisible = 0;
			defaultConfigurationName = Release;
		};
/* End XCConfigurationList section */
	};
	rootObject = BD17CD6323FC9FF900FF017D /* Project object */;
}
